{
  "name": "QANDa",
  "lockfileVersion": 2,
  "requires": true,
  "packages": {
    "": {
      "dependencies": {
        "@auth0/auth0-spa-js": "^2.0.3"
      }
    },
    "node_modules/@auth0/auth0-spa-js": {
      "version": "2.0.3",
      "resolved": "https://registry.npmjs.org/@auth0/auth0-spa-js/-/auth0-spa-js-2.0.3.tgz",
      "integrity": "sha512-eC3cBJCGOc+k4ZMxvKTo0KhhJJ4/9siA7C2RhDcWqSbrRcjB04RimM4Jp5ExgXtrwFhx8elk7DLxysrhTQYvjQ=="
    }
  },
  "dependencies": {
    "@auth0/auth0-spa-js": {
      "version": "2.0.3",
      "resolved": "https://registry.npmjs.org/@auth0/auth0-spa-js/-/auth0-spa-js-2.0.3.tgz",
      "integrity": "sha512-eC3cBJCGOc+k4ZMxvKTo0KhhJJ4/9siA7C2RhDcWqSbrRcjB04RimM4Jp5ExgXtrwFhx8elk7DLxysrhTQYvjQ=="
    }
  }
}
